
Microsoft Visual Studio Solution File, Format Version 12.00
# Visual Studio Version 16
VisualStudioVersion = 16.0.809.3
MinimumVisualStudioVersion = 10.0.40219.1
Project("{FAE04EC0-301F-11D3-BF4B-00C04F79EFBC}") = "C-Sharp-RPG", "C-Sharp-RPG\C-Sharp-RPG.csproj", "{DB4152AC-D86C-40E5-A1A8-2D2E7D049785}"
EndProject
Global
	GlobalSection(SolutionConfigurationPlatforms) = preSolution
		Debug|Any CPU = Debug|Any CPU
		Release|Any CPU = Release|Any CPU
	EndGlobalSection
	GlobalSection(ProjectConfigurationPlatforms) = postSolution
		{DB4152AC-D86C-40E5-A1A8-2D2E7D049785}.Debug|Any CPU.ActiveCfg = Debug|Any CPU
		{DB4152AC-D86C-40E5-A1A8-2D2E7D049785}.Debug|Any CPU.Build.0 = Debug|Any CPU
		{DB4152AC-D86C-40E5-A1A8-2D2E7D049785}.Release|Any CPU.ActiveCfg = Release|Any CPU
		{DB4152AC-D86C-40E5-A1A8-2D2E7D049785}.Release|Any CPU.Build.0 = Release|Any CPU
	EndGlobalSection
	GlobalSection(SolutionProperties) = preSolution
		HideSolutionNode = FALSE
	EndGlobalSection
	GlobalSection(ExtensibilityGlobals) = postSolution
		SolutionGuid = {DC9E675F-D1D6-43C5-8AA1-BF9174D80CC4}
	EndGlobalSection
EndGlobal
